
Microsoft Visual Studio Solution File, Format Version 12.00
# Visual Studio Version 16
VisualStudioVersion = 16.0.30413.136
MinimumVisualStudioVersion = 10.0.40219.1
Project("{FAE04EC0-301F-11D3-BF4B-00C04F79EFBC}") = "Zetterlspielchen", "Zetterlspielchen\Zetterlspielchen.csproj", "{83262330-12A3-4406-A7D2-7DC53C2DE525}"
EndProject
Global
	GlobalSection(SolutionConfigurationPlatforms) = preSolution
		Debug|Any CPU = Debug|Any CPU
		Release|Any CPU = Release|Any CPU
	EndGlobalSection
	GlobalSection(ProjectConfigurationPlatforms) = postSolution
		{83262330-12A3-4406-A7D2-7DC53C2DE525}.Debug|Any CPU.ActiveCfg = Debug|Any CPU
		{83262330-12A3-4406-A7D2-7DC53C2DE525}.Debug|Any CPU.Build.0 = Debug|Any CPU
		{83262330-12A3-4406-A7D2-7DC53C2DE525}.Release|Any CPU.ActiveCfg = Release|Any CPU
		{83262330-12A3-4406-A7D2-7DC53C2DE525}.Release|Any CPU.Build.0 = Release|Any CPU
	EndGlobalSection
	GlobalSection(SolutionProperties) = preSolution
		HideSolutionNode = FALSE
	EndGlobalSection
	GlobalSection(ExtensibilityGlobals) = postSolution
		SolutionGuid = {8A265265-E94D-4379-8636-EAED7FC9B8D8}
	EndGlobalSection
EndGlobal
